
Microsoft Visual Studio Solution File, Format Version 12.00
# Visual Studio 15
VisualStudioVersion = 15.0.28307.329
MinimumVisualStudioVersion = 10.0.40219.1
Project("{8BC9CEB8-8B4A-11D0-8D11-00A0C91BC942}") = "Bootstrap", "bootstrap\Bootstrap.vcxproj", "{AF59BB0B-E059-4773-83DC-728A949647DA}"
EndProject
Project("{8BC9CEB8-8B4A-11D0-8D11-00A0C91BC942}") = "Project2D", "Project2D\Project2D.vcxproj", "{3F428D0C-1CC8-47C3-818A-A3C2972C74C9}"
	ProjectSection(ProjectDependencies) = postProject
		{AF59BB0B-E059-4773-83DC-728A949647DA} = {AF59BB0B-E059-4773-83DC-728A949647DA}
	EndProjectSection
EndProject
Project("{8BC9CEB8-8B4A-11D0-8D11-00A0C91BC942}") = "Project3D", "Project3D\Project3D.vcxproj", "{EA21C4DF-E331-4FCF-8513-14A3F56B77F3}"
	ProjectSection(ProjectDependencies) = postProject
		{AF59BB0B-E059-4773-83DC-728A949647DA} = {AF59BB0B-E059-4773-83DC-728A949647DA}
	EndProjectSection
EndProject
Project("{8BC9CEB8-8B4A-11D0-8D11-00A0C91BC942}") = "aieProject2D1", "aieProject2D1\aieProject2D1.vcxproj", "{DEA49362-B428-4215-8D64-4EA0B4FF0858}"
	ProjectSection(ProjectDependencies) = postProject
		{AF59BB0B-E059-4773-83DC-728A949647DA} = {AF59BB0B-E059-4773-83DC-728A949647DA}
	EndProjectSection
EndProject
Project("{8BC9CEB8-8B4A-11D0-8D11-00A0C91BC942}") = "AstralAbyss", "..\AstralAbyss\AstralAbyss.vcxproj", "{A83148B6-D0D9-426F-B76C-D32E3A18C4AE}"
EndProject
Project("{8BC9CEB8-8B4A-11D0-8D11-00A0C91BC942}") = "Assignment", "Assignment\Assignment.vcxproj", "{21E993CA-12D4-48DC-81E8-7EF4917B83A0}"
	ProjectSection(ProjectDependencies) = postProject
		{AF59BB0B-E059-4773-83DC-728A949647DA} = {AF59BB0B-E059-4773-83DC-728A949647DA}
	EndProjectSection
EndProject
Project("{8BC9CEB8-8B4A-11D0-8D11-00A0C91BC942}") = "Week3", "Week3\Week3.vcxproj", "{DA884829-5D69-4240-B9C3-74F1B79B029A}"
EndProject
Global
	GlobalSection(SolutionConfigurationPlatforms) = preSolution
		Debug|x64 = Debug|x64
		Debug|x86 = Debug|x86
		Release|x64 = Release|x64
		Release|x86 = Release|x86
	EndGlobalSection
	GlobalSection(ProjectConfigurationPlatforms) = postSolution
		{AF59BB0B-E059-4773-83DC-728A949647DA}.Debug|x64.ActiveCfg = Debug|x64
		{AF59BB0B-E059-4773-83DC-728A949647DA}.Debug|x64.Build.0 = Debug|x64
		{AF59BB0B-E059-4773-83DC-728A949647DA}.Debug|x86.ActiveCfg = Debug|Win32
		{AF59BB0B-E059-4773-83DC-728A949647DA}.Debug|x86.Build.0 = Debug|Win32
		{AF59BB0B-E059-4773-83DC-728A949647DA}.Release|x64.ActiveCfg = Release|x64
		{AF59BB0B-E059-4773-83DC-728A949647DA}.Release|x64.Build.0 = Release|x64
		{AF59BB0B-E059-4773-83DC-728A949647DA}.Release|x86.ActiveCfg = Release|Win32
		{AF59BB0B-E059-4773-83DC-728A949647DA}.Release|x86.Build.0 = Release|Win32
		{3F428D0C-1CC8-47C3-818A-A3C2972C74C9}.Debug|x64.ActiveCfg = Debug|x64
		{3F428D0C-1CC8-47C3-818A-A3C2972C74C9}.Debug|x64.Build.0 = Debug|x64
		{3F428D0C-1CC8-47C3-818A-A3C2972C74C9}.Debug|x86.ActiveCfg = Debug|Win32
		{3F428D0C-1CC8-47C3-818A-A3C2972C74C9}.Debug|x86.Build.0 = Debug|Win32
		{3F428D0C-1CC8-47C3-818A-A3C2972C74C9}.Release|x64.ActiveCfg = Release|x64
		{3F428D0C-1CC8-47C3-818A-A3C2972C74C9}.Release|x64.Build.0 = Release|x64
		{3F428D0C-1CC8-47C3-818A-A3C2972C74C9}.Release|x86.ActiveCfg = Release|Win32
		{3F428D0C-1CC8-47C3-818A-A3C2972C74C9}.Release|x86.Build.0 = Release|Win32
		{EA21C4DF-E331-4FCF-8513-14A3F56B77F3}.Debug|x64.ActiveCfg = Debug|x64
		{EA21C4DF-E331-4FCF-8513-14A3F56B77F3}.Debug|x64.Build.0 = Debug|x64
		{EA21C4DF-E331-4FCF-8513-14A3F56B77F3}.Debug|x86.ActiveCfg = Debug|Win32
		{EA21C4DF-E331-4FCF-8513-14A3F56B77F3}.Debug|x86.Build.0 = Debug|Win32
		{EA21C4DF-E331-4FCF-8513-14A3F56B77F3}.Release|x64.ActiveCfg = Release|x64
		{EA21C4DF-E331-4FCF-8513-14A3F56B77F3}.Release|x64.Build.0 = Release|x64
		{EA21C4DF-E331-4FCF-8513-14A3F56B77F3}.Release|x86.ActiveCfg = Release|Win32
		{EA21C4DF-E331-4FCF-8513-14A3F56B77F3}.Release|x86.Build.0 = Release|Win32
		{DEA49362-B428-4215-8D64-4EA0B4FF0858}.Debug|x64.ActiveCfg = Debug|x64
		{DEA49362-B428-4215-8D64-4EA0B4FF0858}.Debug|x64.Build.0 = Debug|x64
		{DEA49362-B428-4215-8D64-4EA0B4FF0858}.Debug|x86.ActiveCfg = Debug|Win32
		{DEA49362-B428-4215-8D64-4EA0B4FF0858}.Debug|x86.Build.0 = Debug|Win32
		{DEA49362-B428-4215-8D64-4EA0B4FF0858}.Release|x64.ActiveCfg = Release|x64
		{DEA49362-B428-4215-8D64-4EA0B4FF0858}.Release|x64.Build.0 = Release|x64
		{DEA49362-B428-4215-8D64-4EA0B4FF0858}.Release|x86.ActiveCfg = Release|Win32
		{DEA49362-B428-4215-8D64-4EA0B4FF0858}.Release|x86.Build.0 = Release|Win32
		{A83148B6-D0D9-426F-B76C-D32E3A18C4AE}.Debug|x64.ActiveCfg = Debug|x64
		{A83148B6-D0D9-426F-B76C-D32E3A18C4AE}.Debug|x64.Build.0 = Debug|x64
		{A83148B6-D0D9-426F-B76C-D32E3A18C4AE}.Debug|x86.ActiveCfg = Debug|Win32
		{A83148B6-D0D9-426F-B76C-D32E3A18C4AE}.Debug|x86.Build.0 = Debug|Win32
		{A83148B6-D0D9-426F-B76C-D32E3A18C4AE}.Release|x64.ActiveCfg = Release|x64
		{A83148B6-D0D9-426F-B76C-D32E3A18C4AE}.Release|x64.Build.0 = Release|x64
		{A83148B6-D0D9-426F-B76C-D32E3A18C4AE}.Release|x86.ActiveCfg = Release|Win32
		{A83148B6-D0D9-426F-B76C-D32E3A18C4AE}.Release|x86.Build.0 = Release|Win32
		{21E993CA-12D4-48DC-81E8-7EF4917B83A0}.Debug|x64.ActiveCfg = Debug|x64
		{21E993CA-12D4-48DC-81E8-7EF4917B83A0}.Debug|x64.Build.0 = Debug|x64
		{21E993CA-12D4-48DC-81E8-7EF4917B83A0}.Debug|x86.ActiveCfg = Debug|Win32
		{21E993CA-12D4-48DC-81E8-7EF4917B83A0}.Debug|x86.Build.0 = Debug|Win32
		{21E993CA-12D4-48DC-81E8-7EF4917B83A0}.Release|x64.ActiveCfg = Release|x64
		{21E993CA-12D4-48DC-81E8-7EF4917B83A0}.Release|x64.Build.0 = Release|x64
		{21E993CA-12D4-48DC-81E8-7EF4917B83A0}.Release|x86.ActiveCfg = Release|Win32
		{21E993CA-12D4-48DC-81E8-7EF4917B83A0}.Release|x86.Build.0 = Release|Win32
		{DA884829-5D69-4240-B9C3-74F1B79B029A}.Debug|x64.ActiveCfg = Debug|x64
		{DA884829-5D69-4240-B9C3-74F1B79B029A}.Debug|x64.Build.0 = Debug|x64
		{DA884829-5D69-4240-B9C3-74F1B79B029A}.Debug|x86.ActiveCfg = Debug|Win32
		{DA884829-5D69-4240-B9C3-74F1B79B029A}.Debug|x86.Build.0 = Debug|Win32
		{DA884829-5D69-4240-B9C3-74F1B79B029A}.Release|x64.ActiveCfg = Release|x64
		{DA884829-5D69-4240-B9C3-74F1B79B029A}.Release|x64.Build.0 = Release|x64
		{DA884829-5D69-4240-B9C3-74F1B79B029A}.Release|x86.ActiveCfg = Release|Win32
		{DA884829-5D69-4240-B9C3-74F1B79B029A}.Release|x86.Build.0 = Release|Win32
	EndGlobalSection
	GlobalSection(SolutionProperties) = preSolution
		HideSolutionNode = FALSE
	EndGlobalSection
	GlobalSection(ExtensibilityGlobals) = postSolution
		SolutionGuid = {B745546F-871C-4666-9C59-26B2E48A7079}
	EndGlobalSection
EndGlobal
